lockfileVersion: 5.4

specifiers:
  '@commitlint/cli': 17.0.2
  '@commitlint/config-conventional': 17.0.2
  '@iconify-json/ic': ^1.1.12
  '@types/fs-extra': ^9.0.13
  '@typescript-eslint/eslint-plugin': ^5.30.5
  '@typescript-eslint/parser': ^5.33.0
  '@vitejs/plugin-vue': ^2.3.3
  '@vitejs/plugin-vue-jsx': ^2.0.0
  '@vue/eslint-config-prettier': ^7.0.0
  '@vue/test-utils': ^2.0.0-rc.20
  babel-eslint: ^10.1.0
  cz-customizable: ^7.0.0
  eslint: ^8.22.0
  eslint-formatter-pretty: ^4.1.0
  eslint-plugin-json: ^3.1.0
  eslint-plugin-prettier: ^4.2.1
  eslint-plugin-vue: ^9.2.0
  esno: ^0.16.3
  fs-extra: ^10.1.0
  happy-dom: 6.0.4
  husky: ^8.0.3
  prettier: ^2.6.2
  terser: ^5.15.1
  unocss: 0.45.6
  vite: ^3.0.7
  vitepress: ^0.22.4
  vitepress-theme-demoblock: 1.4.2
  vitest: ^0.14.2
  vue: ^3.2.37

dependencies:
  '@commitlint/cli': 17.0.2
  '@commitlint/config-conventional': 17.0.2
  '@types/fs-extra': 9.0.13
  '@typescript-eslint/eslint-plugin': 5.48.0_m2kn7xiag5lymyarkgri27ztxm
  '@typescript-eslint/parser': 5.48.0_eslint@8.31.0
  '@vitejs/plugin-vue': 2.3.4_vite@3.2.5+vue@3.2.45
  '@vitejs/plugin-vue-jsx': 2.1.1_vite@3.2.5+vue@3.2.45
  '@vue/eslint-config-prettier': 7.0.0_crnjwcwerrbat3mlbmrsoa543e
  '@vue/test-utils': 2.0.2_vue@3.2.45
  babel-eslint: 10.1.0_eslint@8.31.0
  eslint: 8.31.0
  eslint-formatter-pretty: 4.1.0
  eslint-plugin-json: 3.1.0
  eslint-plugin-prettier: 4.2.1_crnjwcwerrbat3mlbmrsoa543e
  eslint-plugin-vue: 9.8.0_eslint@8.31.0
  esno: 0.16.3
  fs-extra: 10.1.0
  prettier: 2.8.1
  terser: 5.16.1
  unocss: 0.45.6_vite@3.2.5
  vite: 3.2.5_terser@5.16.1
  vue: 3.2.45

devDependencies:
  '@iconify-json/ic': 1.1.12
  '@vitest/coverage-c8': 0.26.3_aqt3pkicazrh5cywdfaxx6chfu
  '@vitest/coverage-istanbul': 0.26.3_aqt3pkicazrh5cywdfaxx6chfu
  cz-customizable: 7.0.0
  happy-dom: 6.0.4
  husky: 8.0.3
  vitepress: 0.22.4
  vitepress-theme-demoblock: 1.4.2
  vitest: 0.14.2_happy-dom@6.0.4